// !$*UTF8*$!
{
	archiveVersion = 1;
	classes = {
	};
	objectVersion = 50;
	objects = {

/* Begin PBXBuildFile section */
		5669B74823654AB7000F04EF /* AppDelegate.m in Sources */ = {isa = PBXBuildFile; fileRef = 5669B74723654AB7000F04EF /* AppDelegate.m */; };
		5669B75323654AB8000F04EF /* Assets.xcassets in Resources */ = {isa = PBXBuildFile; fileRef = 5669B75223654AB8000F04EF /* Assets.xcassets */; };
		5669B75623654AB8000F04EF /* LaunchScreen.storyboard in Resources */ = {isa = PBXBuildFile; fileRef = 5669B75423654AB8000F04EF /* LaunchScreen.storyboard */; };
		5669B75923654AB8000F04EF /* main.m in Sources */ = {isa = PBXBuildFile; fileRef = 5669B75823654AB8000F04EF /* main.m */; };
		5669B778236551A1000F04EF /* HomeViewController.m in Sources */ = {isa = PBXBuildFile; fileRef = 5669B777236551A1000F04EF /* HomeViewController.m */; };
/* End PBXBuildFile section */

/* Begin PBXFileReference section */
		5669B74323654AB7000F04EF /* DouYuZhiBo_OC.app */ = {isa = PBXFileReference; explicitFileType = wrapper.application; includeInIndex = 0; path = DouYuZhiBo_OC.app; sourceTree = BUILT_PRODUCTS_DIR; };
		5669B74623654AB7000F04EF /* AppDelegate.h */ = {isa = PBXFileReference; lastKnownFileType = sourcecode.c.h; path = AppDelegate.h; sourceTree = "<group>"; };
		5669B74723654AB7000F04EF /* AppDelegate.m */ = {isa = PBXFileReference; lastKnownFileType = sourcecode.c.objc; path = AppDelegate.m; sourceTree = "<group>"; };
		5669B75223654AB8000F04EF /* Assets.xcassets */ = {isa = PBXFileReference; lastKnownFileType = folder.assetcatalog; path = Assets.xcassets; sourceTree = "<group>"; };
		5669B75523654AB8000F04EF /* Base */ = {isa = PBXFileReference; lastKnownFileType = file.storyboard; name = Base; path = Base.lproj/LaunchScreen.storyboard; sourceTree = "<group>"; };
		5669B75723654AB8000F04EF /* Info.plist */ = {isa = PBXFileReference; lastKnownFileType = text.plist.xml; path = Info.plist; sourceTree = "<group>"; };
		5669B75823654AB8000F04EF /* main.m */ = {isa = PBXFileReference; lastKnownFileType = sourcecode.c.objc; path = main.m; sourceTree = "<group>"; };
		5669B776236551A1000F04EF /* HomeViewController.h */ = {isa = PBXFileReference; lastKnownFileType = sourcecode.c.h; path = HomeViewController.h; sourceTree = "<group>"; };
		5669B777236551A1000F04EF /* HomeViewController.m */ = {isa = PBXFileReference; lastKnownFileType = sourcecode.c.objc; path = HomeViewController.m; sourceTree = "<group>"; };
/* End PBXFileReference section */

/* Begin PBXFrameworksBuildPhase section */
		5669B74023654AB7000F04EF /* Frameworks */ = {
			isa = PBXFrameworksBuildPhase;
			buildActionMask = 2147483647;
			files = (
			);
			runOnlyForDeploymentPostprocessing = 0;
		};
/* End PBXFrameworksBuildPhase section */

/* Begin PBXGroup section */
		5669B73A23654AB7000F04EF = {
			isa = PBXGroup;
			children = (
				5669B74523654AB7000F04EF /* DouYuZhiBo_OC */,
				5669B74423654AB7000F04EF /* Products */,
			);
			sourceTree = "<group>";
		};
		5669B74423654AB7000F04EF /* Products */ = {
			isa = PBXGroup;
			children = (
				5669B74323654AB7000F04EF /* DouYuZhiBo_OC.app */,
			);
			name = Products;
			sourceTree = "<group>";
		};
		5669B74523654AB7000F04EF /* DouYuZhiBo_OC */ = {
			isa = PBXGroup;
			children = (
				5669B75F23654FFD000F04EF /* Classes */,
			);
			path = DouYuZhiBo_OC;
			sourceTree = "<group>";
		};
		5669B75F23654FFD000F04EF /* Classes */ = {
			isa = PBXGroup;
			children = (
				5669B74623654AB7000F04EF /* AppDelegate.h */,
				5669B74723654AB7000F04EF /* AppDelegate.m */,
				5669B7602365503B000F04EF /* Main */,
				5669B76123655044000F04EF /* Home */,
				5669B76423655067000F04EF /* Follow */,
				5669B7622365504D000F04EF /* Live */,
				5669B76323655057000F04EF /* Profile */,
				5669B7652365508A000F04EF /* Others */,
			);
			path = Classes;
			sourceTree = "<group>";
		};
		5669B7602365503B000F04EF /* Main */ = {
			isa = PBXGroup;
			children = (
			);
			path = Main;
			sourceTree = "<group>";
		};
		5669B76123655044000F04EF /* Home */ = {
			isa = PBXGroup;
			children = (
				5669B768236550F1000F04EF /* Controllers */,
				5669B766236550F1000F04EF /* Modals */,
				5669B769236550F1000F04EF /* ViewModals */,
				5669B767236550F1000F04EF /* Views */,
			);
			path = Home;
			sourceTree = "<group>";
		};
		5669B7622365504D000F04EF /* Live */ = {
			isa = PBXGroup;
			children = (
				5669B76E23655131000F04EF /* Controllers */,
				5669B77023655131000F04EF /* Modals */,
				5669B76F23655131000F04EF /* ViewModals */,
				5669B77123655131000F04EF /* Views */,
			);
			path = Live;
			sourceTree = "<group>";
		};
		5669B76323655057000F04EF /* Profile */ = {
			isa = PBXGroup;
			children = (
				5669B77323655155000F04EF /* Controllers */,
				5669B77423655156000F04EF /* Modals */,
				5669B77223655155000F04EF /* ViewModals */,
				5669B77523655156000F04EF /* Views */,
			);
			path = Profile;
			sourceTree = "<group>";
		};
		5669B76423655067000F04EF /* Follow */ = {
			isa = PBXGroup;
			children = (
				5669B76A23655124000F04EF /* Controllers */,
				5669B76C23655124000F04EF /* Modals */,
				5669B76D23655124000F04EF /* ViewModals */,
				5669B76B23655124000F04EF /* Views */,
			);
			path = Follow;
			sourceTree = "<group>";
		};
		5669B7652365508A000F04EF /* Others */ = {
			isa = PBXGroup;
			children = (
				5669B75223654AB8000F04EF /* Assets.xcassets */,
				5669B75423654AB8000F04EF /* LaunchScreen.storyboard */,
				5669B75723654AB8000F04EF /* Info.plist */,
				5669B75823654AB8000F04EF /* main.m */,
			);
			path = Others;
			sourceTree = "<group>";
		};
		5669B766236550F1000F04EF /* Modals */ = {
			isa = PBXGroup;
			children = (
			);
			path = Modals;
			sourceTree = "<group>";
		};
		5669B767236550F1000F04EF /* Views */ = {
			isa = PBXGroup;
			children = (
			);
			path = Views;
			sourceTree = "<group>";
		};
		5669B768236550F1000F04EF /* Controllers */ = {
			isa = PBXGroup;
			children = (
				5669B776236551A1000F04EF /* HomeViewController.h */,
				5669B777236551A1000F04EF /* HomeViewController.m */,
			);
			path = Controllers;
			sourceTree = "<group>";
		};
		5669B769236550F1000F04EF /* ViewModals */ = {
			isa = PBXGroup;
			children = (
			);
			path = ViewModals;
			sourceTree = "<group>";
		};
		5669B76A23655124000F04EF /* Controllers */ = {
			isa = PBXGroup;
			children = (
			);
			path = Controllers;
			sourceTree = "<group>";
		};
		5669B76B23655124000F04EF /* Views */ = {
			isa = PBXGroup;
			children = (
			);
			path = Views;
			sourceTree = "<group>";
		};
		5669B76C23655124000F04EF /* Modals */ = {
			isa = PBXGroup;
			children = (
			);
			path = Modals;
			sourceTree = "<group>";
		};
		5669B76D23655124000F04EF /* ViewModals */ = {
			isa = PBXGroup;
			children = (
			);
			path = ViewModals;
			sourceTree = "<group>";
		};
		5669B76E23655131000F04EF /* Controllers */ = {
			isa = PBXGroup;
			children = (
			);
			path = Controllers;
			sourceTree = "<group>";
		};
		5669B76F23655131000F04EF /* ViewModals */ = {
			isa = PBXGroup;
			children = (
			);
			path = ViewModals;
			sourceTree = "<group>";
		};
		5669B77023655131000F04EF /* Modals */ = {
			isa = PBXGroup;
			children = (
			);
			path = Modals;
			sourceTree = "<group>";
		};
		5669B77123655131000F04EF /* Views */ = {
			isa = PBXGroup;
			children = (
			);
			path = Views;
			sourceTree = "<group>";
		};
		5669B77223655155000F04EF /* ViewModals */ = {
			isa = PBXGroup;
			children = (
			);
			path = ViewModals;
			sourceTree = "<group>";
		};
		5669B77323655155000F04EF /* Controllers */ = {
			isa = PBXGroup;
			children = (
			);
			path = Controllers;
			sourceTree = "<group>";
		};
		5669B77423655156000F04EF /* Modals */ = {
			isa = PBXGroup;
			children = (
			);
			path = Modals;
			sourceTree = "<group>";
		};
		5669B77523655156000F04EF /* Views */ = {
			isa = PBXGroup;
			children = (
			);
			path = Views;
			sourceTree = "<group>";
		};
/* End PBXGroup section */

/* Begin PBXNativeTarget section */
		5669B74223654AB7000F04EF /* DouYuZhiBo_OC */ = {
			isa = PBXNativeTarget;
			buildConfigurationList = 5669B75C23654AB8000F04EF /* Build configuration list for PBXNativeTarget "DouYuZhiBo_OC" */;
			buildPhases = (
				5669B73F23654AB7000F04EF /* Sources */,
				5669B74023654AB7000F04EF /* Frameworks */,
				5669B74123654AB7000F04EF /* Resources */,
			);
			buildRules = (
			);
			dependencies = (
			);
			name = DouYuZhiBo_OC;
			productName = DouYuZhiBo_OC;
			productReference = 5669B74323654AB7000F04EF /* DouYuZhiBo_OC.app */;
			productType = "com.apple.product-type.application";
		};
/* End PBXNativeTarget section */

/* Begin PBXProject section */
		5669B73B23654AB7000F04EF /* Project object */ = {
			isa = PBXProject;
			attributes = {
				LastUpgradeCheck = 1110;
				ORGANIZATIONNAME = "杨乾";
				TargetAttributes = {
					5669B74223654AB7000F04EF = {
						CreatedOnToolsVersion = 11.1;
					};
				};
			};
			buildConfigurationList = 5669B73E23654AB7000F04EF /* Build configuration list for PBXProject "DouYuZhiBo_OC" */;
			compatibilityVersion = "Xcode 9.3";
			developmentRegion = en;
			hasScannedForEncodings = 0;
			knownRegions = (
				en,
				Base,
			);
			mainGroup = 5669B73A23654AB7000F04EF;
			productRefGroup = 5669B74423654AB7000F04EF /* Products */;
			projectDirPath = "";
			projectRoot = "";
			targets = (
				5669B74223654AB7000F04EF /* DouYuZhiBo_OC */,
			);
		};
/* End PBXProject section */

/* Begin PBXResourcesBuildPhase section */
		5669B74123654AB7000F04EF /* Resources */ = {
			isa = PBXResourcesBuildPhase;
			buildActionMask = 2147483647;
			files = (
				5669B75623654AB8000F04EF /* LaunchScreen.storyboard in Resources */,
				5669B75323654AB8000F04EF /* Assets.xcassets in Resources */,
			);
			runOnlyForDeploymentPostprocessing = 0;
		};
/* End PBXResourcesBuildPhase section */

/* Begin PBXSourcesBuildPhase section */
		5669B73F23654AB7000F04EF /* Sources */ = {
			isa = PBXSourcesBuildPhase;
			buildActionMask = 2147483647;
			files = (
				5669B74823654AB7000F04EF /* AppDelegate.m in Sources */,
				5669B75923654AB8000F04EF /* main.m in Sources */,
				5669B778236551A1000F04EF /* HomeViewController.m in Sources */,
			);
			runOnlyForDeploymentPostprocessing = 0;
		};
/* End PBXSourcesBuildPhase section */

/* Begin PBXVariantGroup section */
		5669B75423654AB8000F04EF /* LaunchScreen.storyboard */ = {
			isa = PBXVariantGroup;
			children = (
				5669B75523654AB8000F04EF /* Base */,
			);
			name = LaunchScreen.storyboard;
			sourceTree = "<group>";
		};
/* End PBXVariantGroup section */

/* Begin XCBuildConfiguration section */
		5669B75A23654AB8000F04EF /* Debug */ = {
			isa = XCBuildConfiguration;
			buildSettings = {
				ALWAYS_SEARCH_USER_PATHS = NO;
				CLANG_ANALYZER_NONNULL = YES;
				CLANG_ANALYZER_NUMBER_OBJECT_CONVERSION = YES_AGGRESSIVE;
				CLANG_CXX_LANGUAGE_STANDARD = "gnu++14";
				CLANG_CXX_LIBRARY = "libc++";
				CLANG_ENABLE_MODULES = YES;
				CLANG_ENABLE_OBJC_ARC = YES;
				CLANG_ENABLE_OBJC_WEAK = YES;
				CLANG_WARN_BLOCK_CAPTURE_AUTORELEASING = YES;
				CLANG_WARN_BOOL_CONVERSION = YES;
				CLANG_WARN_COMMA = YES;
				CLANG_WARN_CONSTANT_CONVERSION = YES;
				CLANG_WARN_DEPRECATED_OBJC_IMPLEMENTATIONS = YES;
				CLANG_WARN_DIRECT_OBJC_ISA_USAGE = YES_ERROR;
				CLANG_WARN_DOCUMENTATION_COMMENTS = YES;
				CLANG_WARN_EMPTY_BODY = YES;
				CLANG_WARN_ENUM_CONVERSION = YES;
				CLANG_WARN_INFINITE_RECURSION = YES;
				CLANG_WARN_INT_CONVERSION = YES;
				CLANG_WARN_NON_LITERAL_NULL_CONVERSION = YES;
				CLANG_WARN_OBJC_IMPLICIT_RETAIN_SELF = YES;
				CLANG_WARN_OBJC_LITERAL_CONVERSION = YES;
				CLANG_WARN_OBJC_ROOT_CLASS = YES_ERROR;
				CLANG_WARN_RANGE_LOOP_ANALYSIS = YES;
				CLANG_WARN_STRICT_PROTOTYPES = YES;
				CLANG_WARN_SUSPICIOUS_MOVE = YES;
				CLANG_WARN_UNGUARDED_AVAILABILITY = YES_AGGRESSIVE;
				CLANG_WARN_UNREACHABLE_CODE = YES;
				CLANG_WARN__DUPLICATE_METHOD_MATCH = YES;
				COPY_PHASE_STRIP = NO;
				DEBUG_INFORMATION_FORMAT = dwarf;
				ENABLE_STRICT_OBJC_MSGSEND = YES;
				ENABLE_TESTABILITY = YES;
				GCC_C_LANGUAGE_STANDARD = gnu11;
				GCC_DYNAMIC_NO_PIC = NO;
				GCC_NO_COMMON_BLOCKS = YES;
				GCC_OPTIMIZATION_LEVEL = 0;
				GCC_PREPROCESSOR_DEFINITIONS = (
					"DEBUG=1",
					"$(inherited)",
				);
				GCC_WARN_64_TO_32_BIT_CONVERSION = YES;
				GCC_WARN_ABOUT_RETURN_TYPE = YES_ERROR;
				GCC_WARN_UNDECLARED_SELECTOR = YES;
				GCC_WARN_UNINITIALIZED_AUTOS = YES_AGGRESSIVE;
				GCC_WARN_UNUSED_FUNCTION = YES;
				GCC_WARN_UNUSED_VARIABLE = YES;
				IPHONEOS_DEPLOYMENT_TARGET = 13.1;
				MTL_ENABLE_DEBUG_INFO = INCLUDE_SOURCE;
				MTL_FAST_MATH = YES;
				ONLY_ACTIVE_ARCH = YES;
				SDKROOT = iphoneos;
			};
			name = Debug;
		};
		5669B75B23654AB8000F04EF /* Release */ = {
			isa = XCBuildConfiguration;
			buildSettings = {
				ALWAYS_SEARCH_USER_PATHS = NO;
				CLANG_ANALYZER_NONNULL = YES;
				CLANG_ANALYZER_NUMBER_OBJECT_CONVERSION = YES_AGGRESSIVE;
				CLANG_CXX_LANGUAGE_STANDARD = "gnu++14";
				CLANG_CXX_LIBRARY = "libc++";
				CLANG_ENABLE_MODULES = YES;
				CLANG_ENABLE_OBJC_ARC = YES;
				CLANG_ENABLE_OBJC_WEAK = YES;
				CLANG_WARN_BLOCK_CAPTURE_AUTORELEASING = YES;
				CLANG_WARN_BOOL_CONVERSION = YES;
				CLANG_WARN_COMMA = YES;
				CLANG_WARN_CONSTANT_CONVERSION = YES;
				CLANG_WARN_DEPRECATED_OBJC_IMPLEMENTATIONS = YES;
				CLANG_WARN_DIRECT_OBJC_ISA_USAGE = YES_ERROR;
				CLANG_WARN_DOCUMENTATION_COMMENTS = YES;
				CLANG_WARN_EMPTY_BODY = YES;
				CLANG_WARN_ENUM_CONVERSION = YES;
				CLANG_WARN_INFINITE_RECURSION = YES;
				CLANG_WARN_INT_CONVERSION = YES;
				CLANG_WARN_NON_LITERAL_NULL_CONVERSION = YES;
				CLANG_WARN_OBJC_IMPLICIT_RETAIN_SELF = YES;
				CLANG_WARN_OBJC_LITERAL_CONVERSION = YES;
				CLANG_WARN_OBJC_ROOT_CLASS = YES_ERROR;
				CLANG_WARN_RANGE_LOOP_ANALYSIS = YES;
				CLANG_WARN_STRICT_PROTOTYPES = YES;
				CLANG_WARN_SUSPICIOUS_MOVE = YES;
				CLANG_WARN_UNGUARDED_AVAILABILITY = YES_AGGRESSIVE;
				CLANG_WARN_UNREACHABLE_CODE = YES;
				CLANG_WARN__DUPLICATE_METHOD_MATCH = YES;
				COPY_PHASE_STRIP = NO;
				DEBUG_INFORMATION_FORMAT = "dwarf-with-dsym";
				ENABLE_NS_ASSERTIONS = NO;
				ENABLE_STRICT_OBJC_MSGSEND = YES;
				GCC_C_LANGUAGE_STANDARD = gnu11;
				GCC_NO_COMMON_BLOCKS = YES;
				GCC_WARN_64_TO_32_BIT_CONVERSION = YES;
				GCC_WARN_ABOUT_RETURN_TYPE = YES_ERROR;
				GCC_WARN_UNDECLARED_SELECTOR = YES;
				GCC_WARN_UNINITIALIZED_AUTOS = YES_AGGRESSIVE;
				GCC_WARN_UNUSED_FUNCTION = YES;
				GCC_WARN_UNUSED_VARIABLE = YES;
				IPHONEOS_DEPLOYMENT_TARGET = 13.1;
				MTL_ENABLE_DEBUG_INFO = NO;
				MTL_FAST_MATH = YES;
				SDKROOT = iphoneos;
				VALIDATE_PRODUCT = YES;
			};
			name = Release;
		};
		5669B75D23654AB8000F04EF /* Debug */ = {
			isa = XCBuildConfiguration;
			buildSettings = {
				ASSETCATALOG_COMPILER_APPICON_NAME = AppIcon;
				CODE_SIGN_IDENTITY = "Apple Development";
				CODE_SIGN_STYLE = Automatic;
				DEVELOPMENT_TEAM = 648N73SCMH;
				INFOPLIST_FILE = "$(SRCROOT)/DouYuZhiBo_OC/Classes/Others/Info.plist";
				LD_RUNPATH_SEARCH_PATHS = (
					"$(inherited)",
					"@executable_path/Frameworks",
				);
				PRODUCT_BUNDLE_IDENTIFIER = "Willing.DouYuZhiBo-OC";
				PRODUCT_NAME = "$(TARGET_NAME)";
				PROVISIONING_PROFILE_SPECIFIER = "";
				TARGETED_DEVICE_FAMILY = 1;
			};
			name = Debug;
		};
		5669B75E23654AB8000F04EF /* Release */ = {
			isa = XCBuildConfiguration;
			buildSettings = {
				ASSETCATALOG_COMPILER_APPICON_NAME = AppIcon;
				CODE_SIGN_IDENTITY = "Apple Development";
				CODE_SIGN_STYLE = Automatic;
				DEVELOPMENT_TEAM = 648N73SCMH;
				INFOPLIST_FILE = "$(SRCROOT)/DouYuZhiBo_OC/Classes/Others/Info.plist";
				LD_RUNPATH_SEARCH_PATHS = (
					"$(inherited)",
					"@executable_path/Frameworks",
				);
				PRODUCT_BUNDLE_IDENTIFIER = "Willing.DouYuZhiBo-OC";
				PRODUCT_NAME = "$(TARGET_NAME)";
				PROVISIONING_PROFILE_SPECIFIER = "";
				TARGETED_DEVICE_FAMILY = 1;
			};
			name = Release;
		};
/* End XCBuildConfiguration section */

/* Begin XCConfigurationList section */
		5669B73E23654AB7000F04EF /* Build configuration list for PBXProject "DouYuZhiBo_OC" */ = {
			isa = XCConfigurationList;
			buildConfigurations = (
				5669B75A23654AB8000F04EF /* Debug */,
				5669B75B23654AB8000F04EF /* Release */,
			);
			defaultConfigurationIsVisible = 0;
			defaultConfigurationName = Release;
		};
		5669B75C23654AB8000F04EF /* Build configuration list for PBXNativeTarget "DouYuZhiBo_OC" */ = {
			isa = XCConfigurationList;
			buildConfigurations = (
				5669B75D23654AB8000F04EF /* Debug */,
				5669B75E23654AB8000F04EF /* Release */,
			);
			defaultConfigurationIsVisible = 0;
			defaultConfigurationName = Release;
		};
/* End XCConfigurationList section */
	};
	rootObject = 5669B73B23654AB7000F04EF /* Project object */;
}
